
Microsoft Visual Studio Solution File, Format Version 12.00
# Visual Studio Version 17
VisualStudioVersion = 17.12.35728.132
MinimumVisualStudioVersion = 10.0.40219.1
Project("{2150E333-8FDC-42A3-9474-1A3956D46DE8}") = "CQRS-Pattern", "CQRS-Pattern", "{3262201C-A3D4-46FC-94FF-8FF658D4B008}"
EndProject
Project("{2150E333-8FDC-42A3-9474-1A3956D46DE8}") = "SagaPattern", "SagaPattern", "{484149FA-0787-4030-98D2-BCDE6B63D7F9}"
EndProject
Project("{2150E333-8FDC-42A3-9474-1A3956D46DE8}") = "RepositoryPattern", "RepositoryPattern", "{5A9A01D6-6CFF-45CC-A4B0-ED96BF6F4D00}"
EndProject
Project("{2150E333-8FDC-42A3-9474-1A3956D46DE8}") = "SingletonPattern", "SingletonPattern", "{0C0E72CD-F595-41A2-AF62-64966175FAEA}"
EndProject
Project("{2150E333-8FDC-42A3-9474-1A3956D46DE8}") = "CrudUsingInMemory", "CrudUsingInMemory", "{0C54A4A5-E90A-477E-917E-656E8470476C}"
EndProject
Project("{FAE04EC0-301F-11D3-BF4B-00C04F79EFBC}") = "CQRS.CRUD.InMemory.API", "CQRS.CRUD.InMemory\CQRS.CRUD.InMemory.API.csproj", "{6B2B26CA-26BD-4367-9E21-7052805362F2}"
EndProject
Project("{FAE04EC0-301F-11D3-BF4B-00C04F79EFBC}") = "CQRS.CRUD.InMemory.Domain", "CQRS.CRUD.InMemory.Domain\CQRS.CRUD.InMemory.Domain.csproj", "{01D295BE-9DEE-445C-AF96-5B129071F962}"
EndProject
Project("{FAE04EC0-301F-11D3-BF4B-00C04F79EFBC}") = "CQRS.CRUD.InMemory.Application", "CQRS.CRUD.InMemory.Application\CQRS.CRUD.InMemory.Application.csproj", "{B45B1E2F-2183-4C04-B385-AE799743E37D}"
EndProject
Project("{FAE04EC0-301F-11D3-BF4B-00C04F79EFBC}") = "CQRS.CRUD.InMemory.Infrastructure", "CQRS.CRUD.InMemory.Infrastructure\CQRS.CRUD.InMemory.Infrastructure.csproj", "{C03886C2-805D-4A6E-83CF-E5396D4FAB50}"
EndProject
Project("{FAE04EC0-301F-11D3-BF4B-00C04F79EFBC}") = "CQRS.CRUD.InMemory.Tests", "CQRS.CRUD.InMemory.Tests\CQRS.CRUD.InMemory.Tests.csproj", "{49802970-A960-464C-9B2A-68806569882B}"
EndProject
Project("{2150E333-8FDC-42A3-9474-1A3956D46DE8}") = "WebApi", "WebApi", "{02EA681E-C7D8-13C7-8484-4AC65E1B71E8}"
EndProject
Project("{2150E333-8FDC-42A3-9474-1A3956D46DE8}") = "EFCodeFirst.SQL.WebAPI", "EFCodeFirst.SQL.WebAPI", "{FB6D051D-7542-4F85-B297-B5D123DD6E4D}"
EndProject
Project("{FAE04EC0-301F-11D3-BF4B-00C04F79EFBC}") = "Library.Management.CodeFirst.API", "Library.Management.CodeFirst.API\Library.Management.CodeFirst.API.csproj", "{01F54CEE-B0E1-4F99-AAB3-9036BF349C6F}"
EndProject
Project("{2150E333-8FDC-42A3-9474-1A3956D46DE8}") = "StrategyPattern", "StrategyPattern", "{CE926A41-C7E4-43A6-BF31-601C21E1BBD1}"
EndProject
Project("{FAE04EC0-301F-11D3-BF4B-00C04F79EFBC}") = "StrategyPattern.WebAPI", "StrategyPattern.WebAPI\StrategyPattern.WebAPI.csproj", "{00780D0C-2C98-4521-9B16-2B3C19F83386}"
EndProject
Project("{2150E333-8FDC-42A3-9474-1A3956D46DE8}") = "HotelManagementSystem", "HotelManagementSystem", "{00078F2E-7C11-4ED9-8A39-A700DBE3584C}"
EndProject
Project("{2150E333-8FDC-42A3-9474-1A3956D46DE8}") = "src", "src", "{B453E1D2-66E9-411E-8B4A-5D5949A48EAA}"
EndProject
Project("{2150E333-8FDC-42A3-9474-1A3956D46DE8}") = "tests", "tests", "{A922D0F5-8684-48ED-9E90-C034E829D658}"
EndProject
Project("{FAE04EC0-301F-11D3-BF4B-00C04F79EFBC}") = "HMS.WebAPI", "HMS.WebAPI\HMS.WebAPI.csproj", "{8AA6A94E-F451-4636-81E0-3C6E7D1316A5}"
EndProject
Project("{FAE04EC0-301F-11D3-BF4B-00C04F79EFBC}") = "HMS.Tests", "HMS.Tests\HMS.Tests.csproj", "{B42DDB81-D057-444B-B5F3-900211F6392A}"
EndProject
Project("{FAE04EC0-301F-11D3-BF4B-00C04F79EFBC}") = "HMS.Core", "HMS.Core\HMS.Core.csproj", "{0A4E27F7-DE20-4BEC-9F00-E1B4B8B52975}"
EndProject
Project("{FAE04EC0-301F-11D3-BF4B-00C04F79EFBC}") = "HMS.Infrastructure", "HMS.Infrastructure\HMS.Infrastructure.csproj", "{BB8B26D6-549A-4AE0-9ABE-7F7702547DA7}"
EndProject
Project("{2150E333-8FDC-42A3-9474-1A3956D46DE8}") = "BusBookingSystems", "BusBookingSystems", "{C067584A-9ACC-4A74-B1B3-4B3D7D0DA4FA}"
EndProject
Project("{2150E333-8FDC-42A3-9474-1A3956D46DE8}") = "src", "src", "{536E8A50-B8E1-4B7A-A197-5ACF170E3534}"
EndProject
Project("{2150E333-8FDC-42A3-9474-1A3956D46DE8}") = "tests", "tests", "{11EB3824-1AD9-44A7-8F85-51CC2BC43071}"
EndProject
Project("{FAE04EC0-301F-11D3-BF4B-00C04F79EFBC}") = "BBS.API", "BBS.API\BBS.API.csproj", "{1F3F4C32-F8F2-415F-966B-0A9C54000A80}"
EndProject
Project("{FAE04EC0-301F-11D3-BF4B-00C04F79EFBC}") = "BBS.Application", "BBS.Application\BBS.Application.csproj", "{D1FCFFF1-E829-48DE-9EFB-9543AF6FE3F7}"
EndProject
Project("{FAE04EC0-301F-11D3-BF4B-00C04F79EFBC}") = "BBS.Domain", "BBS.Domain\BBS.Domain.csproj", "{F60A5F25-8490-4172-B0F8-4E9329D520FD}"
EndProject
Project("{FAE04EC0-301F-11D3-BF4B-00C04F79EFBC}") = "BBS.Infrastructure", "BBS.Infrastructure\BBS.Infrastructure.csproj", "{5D56797B-8400-4D98-8540-B0ED3FE9C80F}"
EndProject
Project("{FAE04EC0-301F-11D3-BF4B-00C04F79EFBC}") = "BBS.Tests", "BBS.Tests\BBS.Tests.csproj", "{B76AEC9A-FA2D-4D0F-8B37-645975AB0170}"
EndProject
Project("{2150E333-8FDC-42A3-9474-1A3956D46DE8}") = "SolidPrinciple", "SolidPrinciple", "{20396AE1-4D60-4360-BFDC-08E43CAF067F}"
EndProject
Project("{FAE04EC0-301F-11D3-BF4B-00C04F79EFBC}") = "SolidPrinciple", "SolidPrinciple\SolidPrinciple.csproj", "{1069714C-607E-4633-8D14-0F5B5C6B11D0}"
EndProject
Global
	GlobalSection(SolutionConfigurationPlatforms) = preSolution
		Debug|Any CPU = Debug|Any CPU
		Release|Any CPU = Release|Any CPU
	EndGlobalSection
	GlobalSection(ProjectConfigurationPlatforms) = postSolution
		{6B2B26CA-26BD-4367-9E21-7052805362F2}.Debug|Any CPU.ActiveCfg = Debug|Any CPU
		{6B2B26CA-26BD-4367-9E21-7052805362F2}.Debug|Any CPU.Build.0 = Debug|Any CPU
		{6B2B26CA-26BD-4367-9E21-7052805362F2}.Release|Any CPU.ActiveCfg = Release|Any CPU
		{6B2B26CA-26BD-4367-9E21-7052805362F2}.Release|Any CPU.Build.0 = Release|Any CPU
		{01D295BE-9DEE-445C-AF96-5B129071F962}.Debug|Any CPU.ActiveCfg = Debug|Any CPU
		{01D295BE-9DEE-445C-AF96-5B129071F962}.Debug|Any CPU.Build.0 = Debug|Any CPU
		{01D295BE-9DEE-445C-AF96-5B129071F962}.Release|Any CPU.ActiveCfg = Release|Any CPU
		{01D295BE-9DEE-445C-AF96-5B129071F962}.Release|Any CPU.Build.0 = Release|Any CPU
		{B45B1E2F-2183-4C04-B385-AE799743E37D}.Debug|Any CPU.ActiveCfg = Debug|Any CPU
		{B45B1E2F-2183-4C04-B385-AE799743E37D}.Debug|Any CPU.Build.0 = Debug|Any CPU
		{B45B1E2F-2183-4C04-B385-AE799743E37D}.Release|Any CPU.ActiveCfg = Release|Any CPU
		{B45B1E2F-2183-4C04-B385-AE799743E37D}.Release|Any CPU.Build.0 = Release|Any CPU
		{C03886C2-805D-4A6E-83CF-E5396D4FAB50}.Debug|Any CPU.ActiveCfg = Debug|Any CPU
		{C03886C2-805D-4A6E-83CF-E5396D4FAB50}.Debug|Any CPU.Build.0 = Debug|Any CPU
		{C03886C2-805D-4A6E-83CF-E5396D4FAB50}.Release|Any CPU.ActiveCfg = Release|Any CPU
		{C03886C2-805D-4A6E-83CF-E5396D4FAB50}.Release|Any CPU.Build.0 = Release|Any CPU
		{49802970-A960-464C-9B2A-68806569882B}.Debug|Any CPU.ActiveCfg = Debug|Any CPU
		{49802970-A960-464C-9B2A-68806569882B}.Debug|Any CPU.Build.0 = Debug|Any CPU
		{49802970-A960-464C-9B2A-68806569882B}.Release|Any CPU.ActiveCfg = Release|Any CPU
		{49802970-A960-464C-9B2A-68806569882B}.Release|Any CPU.Build.0 = Release|Any CPU
		{01F54CEE-B0E1-4F99-AAB3-9036BF349C6F}.Debug|Any CPU.ActiveCfg = Debug|Any CPU
		{01F54CEE-B0E1-4F99-AAB3-9036BF349C6F}.Debug|Any CPU.Build.0 = Debug|Any CPU
		{01F54CEE-B0E1-4F99-AAB3-9036BF349C6F}.Release|Any CPU.ActiveCfg = Release|Any CPU
		{01F54CEE-B0E1-4F99-AAB3-9036BF349C6F}.Release|Any CPU.Build.0 = Release|Any CPU
		{00780D0C-2C98-4521-9B16-2B3C19F83386}.Debug|Any CPU.ActiveCfg = Debug|Any CPU
		{00780D0C-2C98-4521-9B16-2B3C19F83386}.Debug|Any CPU.Build.0 = Debug|Any CPU
		{00780D0C-2C98-4521-9B16-2B3C19F83386}.Release|Any CPU.ActiveCfg = Release|Any CPU
		{00780D0C-2C98-4521-9B16-2B3C19F83386}.Release|Any CPU.Build.0 = Release|Any CPU
		{8AA6A94E-F451-4636-81E0-3C6E7D1316A5}.Debug|Any CPU.ActiveCfg = Debug|Any CPU
		{8AA6A94E-F451-4636-81E0-3C6E7D1316A5}.Debug|Any CPU.Build.0 = Debug|Any CPU
		{8AA6A94E-F451-4636-81E0-3C6E7D1316A5}.Release|Any CPU.ActiveCfg = Release|Any CPU
		{8AA6A94E-F451-4636-81E0-3C6E7D1316A5}.Release|Any CPU.Build.0 = Release|Any CPU
		{B42DDB81-D057-444B-B5F3-900211F6392A}.Debug|Any CPU.ActiveCfg = Debug|Any CPU
		{B42DDB81-D057-444B-B5F3-900211F6392A}.Debug|Any CPU.Build.0 = Debug|Any CPU
		{B42DDB81-D057-444B-B5F3-900211F6392A}.Release|Any CPU.ActiveCfg = Release|Any CPU
		{B42DDB81-D057-444B-B5F3-900211F6392A}.Release|Any CPU.Build.0 = Release|Any CPU
		{0A4E27F7-DE20-4BEC-9F00-E1B4B8B52975}.Debug|Any CPU.ActiveCfg = Debug|Any CPU
		{0A4E27F7-DE20-4BEC-9F00-E1B4B8B52975}.Debug|Any CPU.Build.0 = Debug|Any CPU
		{0A4E27F7-DE20-4BEC-9F00-E1B4B8B52975}.Release|Any CPU.ActiveCfg = Release|Any CPU
		{0A4E27F7-DE20-4BEC-9F00-E1B4B8B52975}.Release|Any CPU.Build.0 = Release|Any CPU
		{BB8B26D6-549A-4AE0-9ABE-7F7702547DA7}.Debug|Any CPU.ActiveCfg = Debug|Any CPU
		{BB8B26D6-549A-4AE0-9ABE-7F7702547DA7}.Debug|Any CPU.Build.0 = Debug|Any CPU
		{BB8B26D6-549A-4AE0-9ABE-7F7702547DA7}.Release|Any CPU.ActiveCfg = Release|Any CPU
		{BB8B26D6-549A-4AE0-9ABE-7F7702547DA7}.Release|Any CPU.Build.0 = Release|Any CPU
		{1F3F4C32-F8F2-415F-966B-0A9C54000A80}.Debug|Any CPU.ActiveCfg = Debug|Any CPU
		{1F3F4C32-F8F2-415F-966B-0A9C54000A80}.Debug|Any CPU.Build.0 = Debug|Any CPU
		{1F3F4C32-F8F2-415F-966B-0A9C54000A80}.Release|Any CPU.ActiveCfg = Release|Any CPU
		{1F3F4C32-F8F2-415F-966B-0A9C54000A80}.Release|Any CPU.Build.0 = Release|Any CPU
		{D1FCFFF1-E829-48DE-9EFB-9543AF6FE3F7}.Debug|Any CPU.ActiveCfg = Debug|Any CPU
		{D1FCFFF1-E829-48DE-9EFB-9543AF6FE3F7}.Debug|Any CPU.Build.0 = Debug|Any CPU
		{D1FCFFF1-E829-48DE-9EFB-9543AF6FE3F7}.Release|Any CPU.ActiveCfg = Release|Any CPU
		{D1FCFFF1-E829-48DE-9EFB-9543AF6FE3F7}.Release|Any CPU.Build.0 = Release|Any CPU
		{F60A5F25-8490-4172-B0F8-4E9329D520FD}.Debug|Any CPU.ActiveCfg = Debug|Any CPU
		{F60A5F25-8490-4172-B0F8-4E9329D520FD}.Debug|Any CPU.Build.0 = Debug|Any CPU
		{F60A5F25-8490-4172-B0F8-4E9329D520FD}.Release|Any CPU.ActiveCfg = Release|Any CPU
		{F60A5F25-8490-4172-B0F8-4E9329D520FD}.Release|Any CPU.Build.0 = Release|Any CPU
		{5D56797B-8400-4D98-8540-B0ED3FE9C80F}.Debug|Any CPU.ActiveCfg = Debug|Any CPU
		{5D56797B-8400-4D98-8540-B0ED3FE9C80F}.Debug|Any CPU.Build.0 = Debug|Any CPU
		{5D56797B-8400-4D98-8540-B0ED3FE9C80F}.Release|Any CPU.ActiveCfg = Release|Any CPU
		{5D56797B-8400-4D98-8540-B0ED3FE9C80F}.Release|Any CPU.Build.0 = Release|Any CPU
		{B76AEC9A-FA2D-4D0F-8B37-645975AB0170}.Debug|Any CPU.ActiveCfg = Debug|Any CPU
		{B76AEC9A-FA2D-4D0F-8B37-645975AB0170}.Debug|Any CPU.Build.0 = Debug|Any CPU
		{B76AEC9A-FA2D-4D0F-8B37-645975AB0170}.Release|Any CPU.ActiveCfg = Release|Any CPU
		{B76AEC9A-FA2D-4D0F-8B37-645975AB0170}.Release|Any CPU.Build.0 = Release|Any CPU
		{1069714C-607E-4633-8D14-0F5B5C6B11D0}.Debug|Any CPU.ActiveCfg = Debug|Any CPU
		{1069714C-607E-4633-8D14-0F5B5C6B11D0}.Debug|Any CPU.Build.0 = Debug|Any CPU
		{1069714C-607E-4633-8D14-0F5B5C6B11D0}.Release|Any CPU.ActiveCfg = Release|Any CPU
		{1069714C-607E-4633-8D14-0F5B5C6B11D0}.Release|Any CPU.Build.0 = Release|Any CPU
	EndGlobalSection
	GlobalSection(SolutionProperties) = preSolution
		HideSolutionNode = FALSE
	EndGlobalSection
	GlobalSection(NestedProjects) = preSolution
		{0C54A4A5-E90A-477E-917E-656E8470476C} = {3262201C-A3D4-46FC-94FF-8FF658D4B008}
		{6B2B26CA-26BD-4367-9E21-7052805362F2} = {0C54A4A5-E90A-477E-917E-656E8470476C}
		{01D295BE-9DEE-445C-AF96-5B129071F962} = {0C54A4A5-E90A-477E-917E-656E8470476C}
		{B45B1E2F-2183-4C04-B385-AE799743E37D} = {0C54A4A5-E90A-477E-917E-656E8470476C}
		{C03886C2-805D-4A6E-83CF-E5396D4FAB50} = {0C54A4A5-E90A-477E-917E-656E8470476C}
		{49802970-A960-464C-9B2A-68806569882B} = {0C54A4A5-E90A-477E-917E-656E8470476C}
		{FB6D051D-7542-4F85-B297-B5D123DD6E4D} = {02EA681E-C7D8-13C7-8484-4AC65E1B71E8}
		{01F54CEE-B0E1-4F99-AAB3-9036BF349C6F} = {FB6D051D-7542-4F85-B297-B5D123DD6E4D}
		{00780D0C-2C98-4521-9B16-2B3C19F83386} = {CE926A41-C7E4-43A6-BF31-601C21E1BBD1}
		{00078F2E-7C11-4ED9-8A39-A700DBE3584C} = {02EA681E-C7D8-13C7-8484-4AC65E1B71E8}
		{B453E1D2-66E9-411E-8B4A-5D5949A48EAA} = {00078F2E-7C11-4ED9-8A39-A700DBE3584C}
		{A922D0F5-8684-48ED-9E90-C034E829D658} = {00078F2E-7C11-4ED9-8A39-A700DBE3584C}
		{8AA6A94E-F451-4636-81E0-3C6E7D1316A5} = {B453E1D2-66E9-411E-8B4A-5D5949A48EAA}
		{B42DDB81-D057-444B-B5F3-900211F6392A} = {A922D0F5-8684-48ED-9E90-C034E829D658}
		{0A4E27F7-DE20-4BEC-9F00-E1B4B8B52975} = {B453E1D2-66E9-411E-8B4A-5D5949A48EAA}
		{BB8B26D6-549A-4AE0-9ABE-7F7702547DA7} = {B453E1D2-66E9-411E-8B4A-5D5949A48EAA}
		{C067584A-9ACC-4A74-B1B3-4B3D7D0DA4FA} = {02EA681E-C7D8-13C7-8484-4AC65E1B71E8}
		{536E8A50-B8E1-4B7A-A197-5ACF170E3534} = {C067584A-9ACC-4A74-B1B3-4B3D7D0DA4FA}
		{11EB3824-1AD9-44A7-8F85-51CC2BC43071} = {C067584A-9ACC-4A74-B1B3-4B3D7D0DA4FA}
		{1F3F4C32-F8F2-415F-966B-0A9C54000A80} = {536E8A50-B8E1-4B7A-A197-5ACF170E3534}
		{D1FCFFF1-E829-48DE-9EFB-9543AF6FE3F7} = {536E8A50-B8E1-4B7A-A197-5ACF170E3534}
		{F60A5F25-8490-4172-B0F8-4E9329D520FD} = {536E8A50-B8E1-4B7A-A197-5ACF170E3534}
		{5D56797B-8400-4D98-8540-B0ED3FE9C80F} = {536E8A50-B8E1-4B7A-A197-5ACF170E3534}
		{B76AEC9A-FA2D-4D0F-8B37-645975AB0170} = {11EB3824-1AD9-44A7-8F85-51CC2BC43071}
		{1069714C-607E-4633-8D14-0F5B5C6B11D0} = {20396AE1-4D60-4360-BFDC-08E43CAF067F}
	EndGlobalSection
	GlobalSection(ExtensibilityGlobals) = postSolution
		SolutionGuid = {EAFACEC0-AAF3-42EC-AD1D-1F98CA1A8C6F}
	EndGlobalSection
EndGlobal
